
Microsoft Visual Studio Solution File, Format Version 12.00
# Visual Studio 15
VisualStudioVersion = 15.0.26730.15
MinimumVisualStudioVersion = 10.0.40219.1
Project("{2150E333-8FDC-42A3-9474-1A3956D46DE8}") = "src", "src", "{F5642A71-DD8B-4B8C-A3EE-C1427F56E983}"
EndProject
Project("{FAE04EC0-301F-11D3-BF4B-00C04F79EFBC}") = "AgendaContactos.BackEnd", "AgendaContactos.BackEnd\AgendaContactos.BackEnd.csproj", "{A90F741A-978C-460D-B76F-904C1A4C78A9}"
EndProject
Project("{FAE04EC0-301F-11D3-BF4B-00C04F79EFBC}") = "AgendaContactos.FrontEnd", "AgendaContactos.FrontEnd\AgendaContactos.FrontEnd.csproj", "{C8DFD881-42A6-444A-80D1-0EED1CC36E0B}"
EndProject
Global
	GlobalSection(SolutionConfigurationPlatforms) = preSolution
		Debug|Any CPU = Debug|Any CPU
		Release|Any CPU = Release|Any CPU
	EndGlobalSection
	GlobalSection(ProjectConfigurationPlatforms) = postSolution
		{A90F741A-978C-460D-B76F-904C1A4C78A9}.Debug|Any CPU.ActiveCfg = Debug|Any CPU
		{A90F741A-978C-460D-B76F-904C1A4C78A9}.Debug|Any CPU.Build.0 = Debug|Any CPU
		{A90F741A-978C-460D-B76F-904C1A4C78A9}.Release|Any CPU.ActiveCfg = Release|Any CPU
		{A90F741A-978C-460D-B76F-904C1A4C78A9}.Release|Any CPU.Build.0 = Release|Any CPU
		{C8DFD881-42A6-444A-80D1-0EED1CC36E0B}.Debug|Any CPU.ActiveCfg = Debug|Any CPU
		{C8DFD881-42A6-444A-80D1-0EED1CC36E0B}.Debug|Any CPU.Build.0 = Debug|Any CPU
		{C8DFD881-42A6-444A-80D1-0EED1CC36E0B}.Release|Any CPU.ActiveCfg = Release|Any CPU
		{C8DFD881-42A6-444A-80D1-0EED1CC36E0B}.Release|Any CPU.Build.0 = Release|Any CPU
	EndGlobalSection
	GlobalSection(SolutionProperties) = preSolution
		HideSolutionNode = FALSE
	EndGlobalSection
	GlobalSection(NestedProjects) = preSolution
		{A90F741A-978C-460D-B76F-904C1A4C78A9} = {F5642A71-DD8B-4B8C-A3EE-C1427F56E983}
		{C8DFD881-42A6-444A-80D1-0EED1CC36E0B} = {F5642A71-DD8B-4B8C-A3EE-C1427F56E983}
	EndGlobalSection
	GlobalSection(ExtensibilityGlobals) = postSolution
		SolutionGuid = {6553BE32-C1D1-42BC-BFF4-C4B4587B31C1}
	EndGlobalSection
EndGlobal
